
Microsoft Visual Studio Solution File, Format Version 12.00
# Visual Studio 14
VisualStudioVersion = 14.0.25420.1
MinimumVisualStudioVersion = 10.0.40219.1
Project("{FAE04EC0-301F-11D3-BF4B-00C04F79EFBC}") = "ExtremeConfigAwaitLibrary", "ExtremeConfigAwaitLibrary\ExtremeConfigAwaitLibrary.csproj", "{BCF619D1-C3A0-41AD-A74C-A999204C3081}"
EndProject
Project("{FAE04EC0-301F-11D3-BF4B-00C04F79EFBC}") = "ExtremeConfigAwaitWPFSample", "ExtremeConfigAwaitWPFSample\ExtremeConfigAwaitWPFSample.csproj", "{EDFBAF7A-4C07-46C0-8525-D78A77D91B4C}"
EndProject
Global
	GlobalSection(SolutionConfigurationPlatforms) = preSolution
		Debug|Any CPU = Debug|Any CPU
		Release|Any CPU = Release|Any CPU
	EndGlobalSection
	GlobalSection(ProjectConfigurationPlatforms) = postSolution
		{BCF619D1-C3A0-41AD-A74C-A999204C3081}.Debug|Any CPU.ActiveCfg = Debug|Any CPU
		{BCF619D1-C3A0-41AD-A74C-A999204C3081}.Debug|Any CPU.Build.0 = Debug|Any CPU
		{BCF619D1-C3A0-41AD-A74C-A999204C3081}.Release|Any CPU.ActiveCfg = Release|Any CPU
		{BCF619D1-C3A0-41AD-A74C-A999204C3081}.Release|Any CPU.Build.0 = Release|Any CPU
		{EDFBAF7A-4C07-46C0-8525-D78A77D91B4C}.Debug|Any CPU.ActiveCfg = Debug|Any CPU
		{EDFBAF7A-4C07-46C0-8525-D78A77D91B4C}.Debug|Any CPU.Build.0 = Debug|Any CPU
		{EDFBAF7A-4C07-46C0-8525-D78A77D91B4C}.Release|Any CPU.ActiveCfg = Release|Any CPU
		{EDFBAF7A-4C07-46C0-8525-D78A77D91B4C}.Release|Any CPU.Build.0 = Release|Any CPU
	EndGlobalSection
	GlobalSection(SolutionProperties) = preSolution
		HideSolutionNode = FALSE
	EndGlobalSection
EndGlobal
